// !$*UTF8*$!
{
	archiveVersion = 1;
	classes = {
	};
	objectVersion = 51;
	objects = {

/* Begin PBXBuildFile section */
		3569155B25FF42490012FD01 /* AppDelegate.swift in Sources */ = {isa = PBXBuildFile; fileRef = 3569155A25FF42490012FD01 /* AppDelegate.swift */; };
		3569155D25FF42490012FD01 /* SceneDelegate.swift in Sources */ = {isa = PBXBuildFile; fileRef = 3569155C25FF42490012FD01 /* SceneDelegate.swift */; };
		3569156225FF42490012FD01 /* Main.storyboard in Resources */ = {isa = PBXBuildFile; fileRef = 3569156025FF42490012FD01 /* Main.storyboard */; };
		3569156425FF424B0012FD01 /* Assets.xcassets in Resources */ = {isa = PBXBuildFile; fileRef = 3569156325FF424B0012FD01 /* Assets.xcassets */; };
		3569156725FF424B0012FD01 /* LaunchScreen.storyboard in Resources */ = {isa = PBXBuildFile; fileRef = 3569156525FF424B0012FD01 /* LaunchScreen.storyboard */; };
		3569157525FF4FA30012FD01 /* LoginViewController.swift in Sources */ = {isa = PBXBuildFile; fileRef = 3569157425FF4FA30012FD01 /* LoginViewController.swift */; };
		3569157825FF4FBA0012FD01 /* FeedViewController.swift in Sources */ = {isa = PBXBuildFile; fileRef = 3569157725FF4FBA0012FD01 /* FeedViewController.swift */; };
		3569157B25FF59F10012FD01 /* CameraViewController.swift in Sources */ = {isa = PBXBuildFile; fileRef = 3569157A25FF59F10012FD01 /* CameraViewController.swift */; };
		3569158525FF6BD10012FD01 /* PostCell.swift in Sources */ = {isa = PBXBuildFile; fileRef = 3569158425FF6BD00012FD01 /* PostCell.swift */; };
		35694A49260C3E6900FBEB3A /* CommentCell.swift in Sources */ = {isa = PBXBuildFile; fileRef = 35694A48260C3E6900FBEB3A /* CommentCell.swift */; };
		3D72C7D170DC3AFFCE7E3742 /* Pods_pastagram.framework in Frameworks */ = {isa = PBXBuildFile; fileRef = 60A3295E0C03950F7AFC5A36 /* Pods_pastagram.framework */; };
/* End PBXBuildFile section */

/* Begin PBXFileReference section */
		3569155725FF42490012FD01 /* pastagram.app */ = {isa = PBXFileReference; explicitFileType = wrapper.application; includeInIndex = 0; path = pastagram.app; sourceTree = BUILT_PRODUCTS_DIR; };
		3569155A25FF42490012FD01 /* AppDelegate.swift */ = {isa = PBXFileReference; lastKnownFileType = sourcecode.swift; path = AppDelegate.swift; sourceTree = "<group>"; };
		3569155C25FF42490012FD01 /* SceneDelegate.swift */ = {isa = PBXFileReference; lastKnownFileType = sourcecode.swift; path = SceneDelegate.swift; sourceTree = "<group>"; };
		3569156125FF42490012FD01 /* Base */ = {isa = PBXFileReference; lastKnownFileType = file.storyboard; name = Base; path = Base.lproj/Main.storyboard; sourceTree = "<group>"; };
		3569156325FF424B0012FD01 /* Assets.xcassets */ = {isa = PBXFileReference; lastKnownFileType = folder.assetcatalog; path = Assets.xcassets; sourceTree = "<group>"; };
		3569156625FF424B0012FD01 /* Base */ = {isa = PBXFileReference; lastKnownFileType = file.storyboard; name = Base; path = Base.lproj/LaunchScreen.storyboard; sourceTree = "<group>"; };
		3569156825FF424B0012FD01 /* Info.plist */ = {isa = PBXFileReference; lastKnownFileType = text.plist.xml; path = Info.plist; sourceTree = "<group>"; };
		3569157425FF4FA30012FD01 /* LoginViewController.swift */ = {isa = PBXFileReference; lastKnownFileType = sourcecode.swift; path = LoginViewController.swift; sourceTree = "<group>"; };
		3569157725FF4FBA0012FD01 /* FeedViewController.swift */ = {isa = PBXFileReference; lastKnownFileType = sourcecode.swift; path = FeedViewController.swift; sourceTree = "<group>"; };
		3569157A25FF59F10012FD01 /* CameraViewController.swift */ = {isa = PBXFileReference; lastKnownFileType = sourcecode.swift; path = CameraViewController.swift; sourceTree = "<group>"; };
		3569158425FF6BD00012FD01 /* PostCell.swift */ = {isa = PBXFileReference; lastKnownFileType = sourcecode.swift; path = PostCell.swift; sourceTree = "<group>"; };
		35694A48260C3E6900FBEB3A /* CommentCell.swift */ = {isa = PBXFileReference; lastKnownFileType = sourcecode.swift; path = CommentCell.swift; sourceTree = "<group>"; };
		60A3295E0C03950F7AFC5A36 /* Pods_pastagram.framework */ = {isa = PBXFileReference; explicitFileType = wrapper.framework; includeInIndex = 0; path = Pods_pastagram.framework; sourceTree = BUILT_PRODUCTS_DIR; };
		776505E52D4FECE43C9815F8 /* Pods-pastagram.release.xcconfig */ = {isa = PBXFileReference; includeInIndex = 1; lastKnownFileType = text.xcconfig; name = "Pods-pastagram.release.xcconfig"; path = "Target Support Files/Pods-pastagram/Pods-pastagram.release.xcconfig"; sourceTree = "<group>"; };
		D3AD07CF481FBF399E0F1722 /* Pods-pastagram.debug.xcconfig */ = {isa = PBXFileReference; includeInIndex = 1; lastKnownFileType = text.xcconfig; name = "Pods-pastagram.debug.xcconfig"; path = "Target Support Files/Pods-pastagram/Pods-pastagram.debug.xcconfig"; sourceTree = "<group>"; };
/* End PBXFileReference section */

/* Begin PBXFrameworksBuildPhase section */
		3569155425FF42490012FD01 /* Frameworks */ = {
			isa = PBXFrameworksBuildPhase;
			buildActionMask = 2147483647;
			files = (
				3D72C7D170DC3AFFCE7E3742 /* Pods_pastagram.framework in Frameworks */,
			);
			runOnlyForDeploymentPostprocessing = 0;
		};
/* End PBXFrameworksBuildPhase section */

/* Begin PBXGroup section */
		308CD94B78BA9F3A2584B8FC /* Frameworks */ = {
			isa = PBXGroup;
			children = (
				60A3295E0C03950F7AFC5A36 /* Pods_pastagram.framework */,
			);
			name = Frameworks;
			sourceTree = "<group>";
		};
		3569154E25FF42490012FD01 = {
			isa = PBXGroup;
			children = (
				3569155925FF42490012FD01 /* pastagram */,
				3569155825FF42490012FD01 /* Products */,
				AADE78B03FCA646A282EB42F /* Pods */,
				308CD94B78BA9F3A2584B8FC /* Frameworks */,
			);
			sourceTree = "<group>";
		};
		3569155825FF42490012FD01 /* Products */ = {
			isa = PBXGroup;
			children = (
				3569155725FF42490012FD01 /* pastagram.app */,
			);
			name = Products;
			sourceTree = "<group>";
		};
		3569155925FF42490012FD01 /* pastagram */ = {
			isa = PBXGroup;
			children = (
				3569155A25FF42490012FD01 /* AppDelegate.swift */,
				3569155C25FF42490012FD01 /* SceneDelegate.swift */,
				3569156025FF42490012FD01 /* Main.storyboard */,
				3569158425FF6BD00012FD01 /* PostCell.swift */,
				3569157A25FF59F10012FD01 /* CameraViewController.swift */,
				3569156325FF424B0012FD01 /* Assets.xcassets */,
				3569156525FF424B0012FD01 /* LaunchScreen.storyboard */,
				3569156825FF424B0012FD01 /* Info.plist */,
				3569157425FF4FA30012FD01 /* LoginViewController.swift */,
				3569157725FF4FBA0012FD01 /* FeedViewController.swift */,
				35694A48260C3E6900FBEB3A /* CommentCell.swift */,
			);
			path = pastagram;
			sourceTree = "<group>";
		};
		AADE78B03FCA646A282EB42F /* Pods */ = {
			isa = PBXGroup;
			children = (
				D3AD07CF481FBF399E0F1722 /* Pods-pastagram.debug.xcconfig */,
				776505E52D4FECE43C9815F8 /* Pods-pastagram.release.xcconfig */,
			);
			path = Pods;
			sourceTree = "<group>";
		};
/* End PBXGroup section */

/* Begin PBXNativeTarget section */
		3569155625FF42490012FD01 /* pastagram */ = {
			isa = PBXNativeTarget;
			buildConfigurationList = 3569156B25FF424B0012FD01 /* Build configuration list for PBXNativeTarget "pastagram" */;
			buildPhases = (
				9983D593598FEB83E80DD005 /* [CP] Check Pods Manifest.lock */,
				3569155325FF42490012FD01 /* Sources */,
				3569155425FF42490012FD01 /* Frameworks */,
				3569155525FF42490012FD01 /* Resources */,
				F025C9836BD82025D2EE6358 /* [CP] Embed Pods Frameworks */,
			);
			buildRules = (
			);
			dependencies = (
			);
			name = pastagram;
			productName = pastagram;
			productReference = 3569155725FF42490012FD01 /* pastagram.app */;
			productType = "com.apple.product-type.application";
		};
/* End PBXNativeTarget section */

/* Begin PBXProject section */
		3569154F25FF42490012FD01 /* Project object */ = {
			isa = PBXProject;
			attributes = {
				LastSwiftUpdateCheck = 1240;
				LastUpgradeCheck = 1240;
				TargetAttributes = {
					3569155625FF42490012FD01 = {
						CreatedOnToolsVersion = 12.4;
					};
				};
			};
			buildConfigurationList = 3569155225FF42490012FD01 /* Build configuration list for PBXProject "pastagram" */;
			compatibilityVersion = "Xcode 9.3";
			developmentRegion = en;
			hasScannedForEncodings = 0;
			knownRegions = (
				en,
				Base,
			);
			mainGroup = 3569154E25FF42490012FD01;
			productRefGroup = 3569155825FF42490012FD01 /* Products */;
			projectDirPath = "";
			projectRoot = "";
			targets = (
				3569155625FF42490012FD01 /* pastagram */,
			);
		};
/* End PBXProject section */

/* Begin PBXResourcesBuildPhase section */
		3569155525FF42490012FD01 /* Resources */ = {
			isa = PBXResourcesBuildPhase;
			buildActionMask = 2147483647;
			files = (
				3569156725FF424B0012FD01 /* LaunchScreen.storyboard in Resources */,
				3569156425FF424B0012FD01 /* Assets.xcassets in Resources */,
				3569156225FF42490012FD01 /* Main.storyboard in Resources */,
			);
			runOnlyForDeploymentPostprocessing = 0;
		};
/* End PBXResourcesBuildPhase section */

/* Begin PBXShellScriptBuildPhase section */
		9983D593598FEB83E80DD005 /* [CP] Check Pods Manifest.lock */ = {
			isa = PBXShellScriptBuildPhase;
			buildActionMask = 2147483647;
			files = (
			);
			inputFileListPaths = (
			);
			inputPaths = (
				"${PODS_PODFILE_DIR_PATH}/Podfile.lock",
				"${PODS_ROOT}/Manifest.lock",
			);
			name = "[CP] Check Pods Manifest.lock";
			outputFileListPaths = (
			);
			outputPaths = (
				"$(DERIVED_FILE_DIR)/Pods-pastagram-checkManifestLockResult.txt",
			);
			runOnlyForDeploymentPostprocessing = 0;
			shellPath = /bin/sh;
			shellScript = "diff \"${PODS_PODFILE_DIR_PATH}/Podfile.lock\" \"${PODS_ROOT}/Manifest.lock\" > /dev/null\nif [ $? != 0 ] ; then\n    # print error to STDERR\n    echo \"error: The sandbox is not in sync with the Podfile.lock. Run 'pod install' or update your CocoaPods installation.\" >&2\n    exit 1\nfi\n# This output is used by Xcode 'outputs' to avoid re-running this script phase.\necho \"SUCCESS\" > \"${SCRIPT_OUTPUT_FILE_0}\"\n";
			showEnvVarsInLog = 0;
		};
		F025C9836BD82025D2EE6358 /* [CP] Embed Pods Frameworks */ = {
			isa = PBXShellScriptBuildPhase;
			buildActionMask = 2147483647;
			files = (
			);
			inputFileListPaths = (
				"${PODS_ROOT}/Target Support Files/Pods-pastagram/Pods-pastagram-frameworks-${CONFIGURATION}-input-files.xcfilelist",
			);
			name = "[CP] Embed Pods Frameworks";
			outputFileListPaths = (
				"${PODS_ROOT}/Target Support Files/Pods-pastagram/Pods-pastagram-frameworks-${CONFIGURATION}-output-files.xcfilelist",
			);
			runOnlyForDeploymentPostprocessing = 0;
			shellPath = /bin/sh;
			shellScript = "\"${PODS_ROOT}/Target Support Files/Pods-pastagram/Pods-pastagram-frameworks.sh\"\n";
			showEnvVarsInLog = 0;
		};
/* End PBXShellScriptBuildPhase section */

/* Begin PBXSourcesBuildPhase section */
		3569155325FF42490012FD01 /* Sources */ = {
			isa = PBXSourcesBuildPhase;
			buildActionMask = 2147483647;
			files = (
				3569157525FF4FA30012FD01 /* LoginViewController.swift in Sources */,
				3569157B25FF59F10012FD01 /* CameraViewController.swift in Sources */,
				3569155B25FF42490012FD01 /* AppDelegate.swift in Sources */,
				3569157825FF4FBA0012FD01 /* FeedViewController.swift in Sources */,
				3569155D25FF42490012FD01 /* SceneDelegate.swift in Sources */,
				3569158525FF6BD10012FD01 /* PostCell.swift in Sources */,
				35694A49260C3E6900FBEB3A /* CommentCell.swift in Sources */,
			);
			runOnlyForDeploymentPostprocessing = 0;
		};
/* End PBXSourcesBuildPhase section */

/* Begin PBXVariantGroup section */
		3569156025FF42490012FD01 /* Main.storyboard */ = {
			isa = PBXVariantGroup;
			children = (
				3569156125FF42490012FD01 /* Base */,
			);
			name = Main.storyboard;
			sourceTree = "<group>";
		};
		3569156525FF424B0012FD01 /* LaunchScreen.storyboard */ = {
			isa = PBXVariantGroup;
			children = (
				3569156625FF424B0012FD01 /* Base */,
			);
			name = LaunchScreen.storyboard;
			sourceTree = "<group>";
		};
/* End PBXVariantGroup section */

/* Begin XCBuildConfiguration section */
		3569156925FF424B0012FD01 /* Debug */ = {
			isa = XCBuildConfiguration;
			buildSettings = {
				ALWAYS_SEARCH_USER_PATHS = NO;
				CLANG_ANALYZER_NONNULL = YES;
				CLANG_ANALYZER_NUMBER_OBJECT_CONVERSION = YES_AGGRESSIVE;
				CLANG_CXX_LANGUAGE_STANDARD = "gnu++14";
				CLANG_CXX_LIBRARY = "libc++";
				CLANG_ENABLE_MODULES = YES;
				CLANG_ENABLE_OBJC_ARC = YES;
				CLANG_ENABLE_OBJC_WEAK = YES;
				CLANG_WARN_BLOCK_CAPTURE_AUTORELEASING = YES;
				CLANG_WARN_BOOL_CONVERSION = YES;
				CLANG_WARN_COMMA = YES;
				CLANG_WARN_CONSTANT_CONVERSION = YES;
				CLANG_WARN_DEPRECATED_OBJC_IMPLEMENTATIONS = YES;
				CLANG_WARN_DIRECT_OBJC_ISA_USAGE = YES_ERROR;
				CLANG_WARN_DOCUMENTATION_COMMENTS = YES;
				CLANG_WARN_EMPTY_BODY = YES;
				CLANG_WARN_ENUM_CONVERSION = YES;
				CLANG_WARN_INFINITE_RECURSION = YES;
				CLANG_WARN_INT_CONVERSION = YES;
				CLANG_WARN_NON_LITERAL_NULL_CONVERSION = YES;
				CLANG_WARN_OBJC_IMPLICIT_RETAIN_SELF = YES;
				CLANG_WARN_OBJC_LITERAL_CONVERSION = YES;
				CLANG_WARN_OBJC_ROOT_CLASS = YES_ERROR;
				CLANG_WARN_QUOTED_INCLUDE_IN_FRAMEWORK_HEADER = YES;
				CLANG_WARN_RANGE_LOOP_ANALYSIS = YES;
				CLANG_WARN_STRICT_PROTOTYPES = YES;
				CLANG_WARN_SUSPICIOUS_MOVE = YES;
				CLANG_WARN_UNGUARDED_AVAILABILITY = YES_AGGRESSIVE;
				CLANG_WARN_UNREACHABLE_CODE = YES;
				CLANG_WARN__DUPLICATE_METHOD_MATCH = YES;
				COPY_PHASE_STRIP = NO;
				DEBUG_INFORMATION_FORMAT = dwarf;
				ENABLE_STRICT_OBJC_MSGSEND = YES;
				ENABLE_TESTABILITY = YES;
				GCC_C_LANGUAGE_STANDARD = gnu11;
				GCC_DYNAMIC_NO_PIC = NO;
				GCC_NO_COMMON_BLOCKS = YES;
				GCC_OPTIMIZATION_LEVEL = 0;
				GCC_PREPROCESSOR_DEFINITIONS = (
					"DEBUG=1",
					"$(inherited)",
				);
				GCC_WARN_64_TO_32_BIT_CONVERSION = YES;
				GCC_WARN_ABOUT_RETURN_TYPE = YES_ERROR;
				GCC_WARN_UNDECLARED_SELECTOR = YES;
				GCC_WARN_UNINITIALIZED_AUTOS = YES_AGGRESSIVE;
				GCC_WARN_UNUSED_FUNCTION = YES;
				GCC_WARN_UNUSED_VARIABLE = YES;
				IPHONEOS_DEPLOYMENT_TARGET = 14.4;
				MTL_ENABLE_DEBUG_INFO = INCLUDE_SOURCE;
				MTL_FAST_MATH = YES;
				ONLY_ACTIVE_ARCH = YES;
				SDKROOT = iphoneos;
				SWIFT_ACTIVE_COMPILATION_CONDITIONS = DEBUG;
				SWIFT_OPTIMIZATION_LEVEL = "-Onone";
			};
			name = Debug;
		};
		3569156A25FF424B0012FD01 /* Release */ = {
			isa = XCBuildConfiguration;
			buildSettings = {
				ALWAYS_SEARCH_USER_PATHS = NO;
				CLANG_ANALYZER_NONNULL = YES;
				CLANG_ANALYZER_NUMBER_OBJECT_CONVERSION = YES_AGGRESSIVE;
				CLANG_CXX_LANGUAGE_STANDARD = "gnu++14";
				CLANG_CXX_LIBRARY = "libc++";
				CLANG_ENABLE_MODULES = YES;
				CLANG_ENABLE_OBJC_ARC = YES;
				CLANG_ENABLE_OBJC_WEAK = YES;
				CLANG_WARN_BLOCK_CAPTURE_AUTORELEASING = YES;
				CLANG_WARN_BOOL_CONVERSION = YES;
				CLANG_WARN_COMMA = YES;
				CLANG_WARN_CONSTANT_CONVERSION = YES;
				CLANG_WARN_DEPRECATED_OBJC_IMPLEMENTATIONS = YES;
				CLANG_WARN_DIRECT_OBJC_ISA_USAGE = YES_ERROR;
				CLANG_WARN_DOCUMENTATION_COMMENTS = YES;
				CLANG_WARN_EMPTY_BODY = YES;
				CLANG_WARN_ENUM_CONVERSION = YES;
				CLANG_WARN_INFINITE_RECURSION = YES;
				CLANG_WARN_INT_CONVERSION = YES;
				CLANG_WARN_NON_LITERAL_NULL_CONVERSION = YES;
				CLANG_WARN_OBJC_IMPLICIT_RETAIN_SELF = YES;
				CLANG_WARN_OBJC_LITERAL_CONVERSION = YES;
				CLANG_WARN_OBJC_ROOT_CLASS = YES_ERROR;
				CLANG_WARN_QUOTED_INCLUDE_IN_FRAMEWORK_HEADER = YES;
				CLANG_WARN_RANGE_LOOP_ANALYSIS = YES;
				CLANG_WARN_STRICT_PROTOTYPES = YES;
				CLANG_WARN_SUSPICIOUS_MOVE = YES;
				CLANG_WARN_UNGUARDED_AVAILABILITY = YES_AGGRESSIVE;
				CLANG_WARN_UNREACHABLE_CODE = YES;
				CLANG_WARN__DUPLICATE_METHOD_MATCH = YES;
				COPY_PHASE_STRIP = NO;
				DEBUG_INFORMATION_FORMAT = "dwarf-with-dsym";
				ENABLE_NS_ASSERTIONS = NO;
				ENABLE_STRICT_OBJC_MSGSEND = YES;
				GCC_C_LANGUAGE_STANDARD = gnu11;
				GCC_NO_COMMON_BLOCKS = YES;
				GCC_WARN_64_TO_32_BIT_CONVERSION = YES;
				GCC_WARN_ABOUT_RETURN_TYPE = YES_ERROR;
				GCC_WARN_UNDECLARED_SELECTOR = YES;
				GCC_WARN_UNINITIALIZED_AUTOS = YES_AGGRESSIVE;
				GCC_WARN_UNUSED_FUNCTION = YES;
				GCC_WARN_UNUSED_VARIABLE = YES;
				IPHONEOS_DEPLOYMENT_TARGET = 14.4;
				MTL_ENABLE_DEBUG_INFO = NO;
				MTL_FAST_MATH = YES;
				SDKROOT = iphoneos;
				SWIFT_COMPILATION_MODE = wholemodule;
				SWIFT_OPTIMIZATION_LEVEL = "-O";
				VALIDATE_PRODUCT = YES;
			};
			name = Release;
		};
		3569156C25FF424B0012FD01 /* Debug */ = {
			isa = XCBuildConfiguration;
			baseConfigurationReference = D3AD07CF481FBF399E0F1722 /* Pods-pastagram.debug.xcconfig */;
			buildSettings = {
				ASSETCATALOG_COMPILER_APPICON_NAME = AppIcon;
				ASSETCATALOG_COMPILER_GLOBAL_ACCENT_COLOR_NAME = AccentColor;
				CODE_SIGN_STYLE = Automatic;
				DEVELOPMENT_TEAM = QJCYH76CG4;
				INFOPLIST_FILE = pastagram/Info.plist;
				LD_RUNPATH_SEARCH_PATHS = (
					"$(inherited)",
					"@executable_path/Frameworks",
				);
				PRODUCT_BUNDLE_IDENTIFIER = byungmoon.pastagram;
				PRODUCT_NAME = "$(TARGET_NAME)";
				SWIFT_VERSION = 5.0;
				TARGETED_DEVICE_FAMILY = "1,2";
			};
			name = Debug;
		};
		3569156D25FF424B0012FD01 /* Release */ = {
			isa = XCBuildConfiguration;
			baseConfigurationReference = 776505E52D4FECE43C9815F8 /* Pods-pastagram.release.xcconfig */;
			buildSettings = {
				ASSETCATALOG_COMPILER_APPICON_NAME = AppIcon;
				ASSETCATALOG_COMPILER_GLOBAL_ACCENT_COLOR_NAME = AccentColor;
				CODE_SIGN_STYLE = Automatic;
				DEVELOPMENT_TEAM = QJCYH76CG4;
				INFOPLIST_FILE = pastagram/Info.plist;
				LD_RUNPATH_SEARCH_PATHS = (
					"$(inherited)",
					"@executable_path/Frameworks",
				);
				PRODUCT_BUNDLE_IDENTIFIER = byungmoon.pastagram;
				PRODUCT_NAME = "$(TARGET_NAME)";
				SWIFT_VERSION = 5.0;
				TARGETED_DEVICE_FAMILY = "1,2";
			};
			name = Release;
		};
/* End XCBuildConfiguration section */

/* Begin XCConfigurationList section */
		3569155225FF42490012FD01 /* Build configuration list for PBXProject "pastagram" */ = {
			isa = XCConfigurationList;
			buildConfigurations = (
				3569156925FF424B0012FD01 /* Debug */,
				3569156A25FF424B0012FD01 /* Release */,
			);
			defaultConfigurationIsVisible = 0;
			defaultConfigurationName = Release;
		};
		3569156B25FF424B0012FD01 /* Build configuration list for PBXNativeTarget "pastagram" */ = {
			isa = XCConfigurationList;
			buildConfigurations = (
				3569156C25FF424B0012FD01 /* Debug */,
				3569156D25FF424B0012FD01 /* Release */,
			);
			defaultConfigurationIsVisible = 0;
			defaultConfigurationName = Release;
		};
/* End XCConfigurationList section */
	};
	rootObject = 3569154F25FF42490012FD01 /* Project object */;
}
